
Microsoft Visual Studio Solution File, Format Version 12.00
# Visual Studio Version 16
VisualStudioVersion = 16.0.29306.81
MinimumVisualStudioVersion = 10.0.40219.1
Project("{FAE04EC0-301F-11D3-BF4B-00C04F79EFBC}") = "AwsEc2Manager", "AwsEc2Manager.csproj", "{4E2B49E4-936C-4221-87BD-B4B1BD500C90}"
EndProject
Global
	GlobalSection(SolutionConfigurationPlatforms) = preSolution
		Debug|Any CPU = Debug|Any CPU
		Release|Any CPU = Release|Any CPU
	EndGlobalSection
	GlobalSection(ProjectConfigurationPlatforms) = postSolution
		{4E2B49E4-936C-4221-87BD-B4B1BD500C90}.Debug|Any CPU.ActiveCfg = Debug|Any CPU
		{4E2B49E4-936C-4221-87BD-B4B1BD500C90}.Debug|Any CPU.Build.0 = Debug|Any CPU
		{4E2B49E4-936C-4221-87BD-B4B1BD500C90}.Release|Any CPU.ActiveCfg = Release|Any CPU
		{4E2B49E4-936C-4221-87BD-B4B1BD500C90}.Release|Any CPU.Build.0 = Release|Any CPU
	EndGlobalSection
	GlobalSection(SolutionProperties) = preSolution
		HideSolutionNode = FALSE
	EndGlobalSection
	GlobalSection(ExtensibilityGlobals) = postSolution
		SolutionGuid = {D6DFBD58-5BE4-4D90-89A5-23BBA3BBED8F}
	EndGlobalSection
EndGlobal
